<?xml version="1.0" encoding="utf-8"?>
<Project ToolsVersion="4.0" xmlns="http://schemas.microsoft.com/developer/msbuild/2003">
  <ItemGroup>
    <Filter Include="Source Files">
      <UniqueIdentifier>{4FC737F1-C7A5-4376-A066-2A32D752A2FF}</UniqueIdentifier>
      <Extensions>cpp;c;cc;cxx;def;odl;idl;hpj;bat;asm;asmx</Extensions>
    </Filter>
    <Filter Include="Header Files">
      <UniqueIdentifier>{93995380-89BD-4b04-88EB-625FBE52EBFB}</UniqueIdentifier>
      <Extensions>h;hh;hpp;hxx;hm;inl;inc;xsd</Extensions>
    </Filter>
    <Filter Include="Resource Files">
      <UniqueIdentifier>{67DA6AB6-F800-4c08-8B7A-83BB121AAD01}</UniqueIdentifier>
      <Extensions>rc;ico;cur;bmp;dlg;rc2;rct;bin;rgs;gif;jpg;jpeg;jpe;resx;tiff;tif;png;wav;mfcribbon-ms</Extensions>
    </Filter>
  </ItemGroup>
  <ItemGroup>
    <Text Include="ReadMe.txt" />
  </ItemGroup>
  <ItemGroup>
    <ClCompile Include="source.cpp">
      <Filter>Source Files</Filter>
    </ClCompile>
    <ClCompile Include="jutils.cpp">
      <Filter>Source Files</Filter>
    </ClCompile>
    <ClCompile Include="jquant2.cpp">
      <Filter>Source Files</Filter>
    </ClCompile>
    <ClCompile Include="jquant1.cpp">
      <Filter>Source Files</Filter>
    </ClCompile>
    <ClCompile Include="jmemnobs.cpp">
      <Filter>Source Files</Filter>
    </ClCompile>
    <ClCompile Include="jmemmgr.cpp">
      <Filter>Source Files</Filter>
    </ClCompile>
    <ClCompile Include="jidctred.cpp">
      <Filter>Source Files</Filter>
    </ClCompile>
    <ClCompile Include="jidctint.cpp">
      <Filter>Source Files</Filter>
    </ClCompile>
    <ClCompile Include="jidctfst.cpp">
      <Filter>Source Files</Filter>
    </ClCompile>
    <ClCompile Include="jidctflt.cpp">
      <Filter>Source Files</Filter>
    </ClCompile>
    <ClCompile Include="jfdctint.cpp">
      <Filter>Source Files</Filter>
    </ClCompile>
    <ClCompile Include="jfdctfst.cpp">
      <Filter>Source Files</Filter>
    </ClCompile>
    <ClCompile Include="jfdctflt.cpp">
      <Filter>Source Files</Filter>
    </ClCompile>
    <ClCompile Include="jerror.cpp">
      <Filter>Source Files</Filter>
    </ClCompile>
    <ClCompile Include="jdsample.cpp">
      <Filter>Source Files</Filter>
    </ClCompile>
    <ClCompile Include="jdpostct.cpp">
      <Filter>Source Files</Filter>
    </ClCompile>
    <ClCompile Include="jdphuff.cpp">
      <Filter>Source Files</Filter>
    </ClCompile>
    <ClCompile Include="jdmerge.cpp">
      <Filter>Source Files</Filter>
    </ClCompile>
    <ClCompile Include="jdmaster.cpp">
      <Filter>Source Files</Filter>
    </ClCompile>
    <ClCompile Include="jdmarker.cpp">
      <Filter>Source Files</Filter>
    </ClCompile>
    <ClCompile Include="jdmainct.cpp">
      <Filter>Source Files</Filter>
    </ClCompile>
    <ClCompile Include="jdinput.cpp">
      <Filter>Source Files</Filter>
    </ClCompile>
    <ClCompile Include="jdhuff.cpp">
      <Filter>Source Files</Filter>
    </ClCompile>
    <ClCompile Include="jddctmgr.cpp">
      <Filter>Source Files</Filter>
    </ClCompile>
    <ClCompile Include="jdcolor.cpp">
      <Filter>Source Files</Filter>
    </ClCompile>
    <ClCompile Include="jdcoefct.cpp">
      <Filter>Source Files</Filter>
    </ClCompile>
    <ClCompile Include="jdatasrc.cpp">
      <Filter>Source Files</Filter>
    </ClCompile>
    <ClCompile Include="jdatadst.cpp">
      <Filter>Source Files</Filter>
    </ClCompile>
    <ClCompile Include="jdapistd.cpp">
      <Filter>Source Files</Filter>
    </ClCompile>
    <ClCompile Include="jdapimin.cpp">
      <Filter>Source Files</Filter>
    </ClCompile>
    <ClCompile Include="jcsample.cpp">
      <Filter>Source Files</Filter>
    </ClCompile>
    <ClCompile Include="jcprepct.cpp">
      <Filter>Source Files</Filter>
    </ClCompile>
    <ClCompile Include="jcphuff.cpp">
      <Filter>Source Files</Filter>
    </ClCompile>
    <ClCompile Include="jcparam.cpp">
      <Filter>Source Files</Filter>
    </ClCompile>
    <ClCompile Include="jcomapi.cpp">
      <Filter>Source Files</Filter>
    </ClCompile>
    <ClCompile Include="jcmaster.cpp">
      <Filter>Source Files</Filter>
    </ClCompile>
    <ClCompile Include="jcmarker.cpp">
      <Filter>Source Files</Filter>
    </ClCompile>
    <ClCompile Include="jcmainct.cpp">
      <Filter>Source Files</Filter>
    </ClCompile>
    <ClCompile Include="jcinit.cpp">
      <Filter>Source Files</Filter>
    </ClCompile>
    <ClCompile Include="jchuff.cpp">
      <Filter>Source Files</Filter>
    </ClCompile>
    <ClCompile Include="jcdctmgr.cpp">
      <Filter>Source Files</Filter>
    </ClCompile>
    <ClCompile Include="jccolor.cpp">
      <Filter>Source Files</Filter>
    </ClCompile>
    <ClCompile Include="jccoefct.cpp">
      <Filter>Source Files</Filter>
    </ClCompile>
    <ClCompile Include="jcapistd.cpp">
      <Filter>Source Files</Filter>
    </ClCompile>
    <ClCompile Include="jcapimin.cpp">
      <Filter>Source Files</Filter>
    </ClCompile>
    <ClCompile Include="zutil.c">
      <Filter>Source Files</Filter>
    </ClCompile>
    <ClCompile Include="uncompr.c">
      <Filter>Source Files</Filter>
    </ClCompile>
    <ClCompile Include="trees.c">
      <Filter>Source Files</Filter>
    </ClCompile>
    <ClCompile Include="pngwutil.c">
      <Filter>Source Files</Filter>
    </ClCompile>
    <ClCompile Include="pngwtran.c">
      <Filter>Source Files</Filter>
    </ClCompile>
    <ClCompile Include="pngwrite.c">
      <Filter>Source Files</Filter>
    </ClCompile>
    <ClCompile Include="pngwio.c">
      <Filter>Source Files</Filter>
    </ClCompile>
    <ClCompile Include="pngtrans.c">
      <Filter>Source Files</Filter>
    </ClCompile>
    <ClCompile Include="pngset.c">
      <Filter>Source Files</Filter>
    </ClCompile>
    <ClCompile Include="pngrutil.c">
      <Filter>Source Files</Filter>
    </ClCompile>
    <ClCompile Include="pngrtran.c">
      <Filter>Source Files</Filter>
    </ClCompile>
    <ClCompile Include="pngrio.c">
      <Filter>Source Files</Filter>
    </ClCompile>
    <ClCompile Include="pngread.c">
      <Filter>Source Files</Filter>
    </ClCompile>
    <ClCompile Include="pngpread.c">
      <Filter>Source Files</Filter>
    </ClCompile>
    <ClCompile Include="pngmem.c">
      <Filter>Source Files</Filter>
    </ClCompile>
    <ClCompile Include="pngget.c">
      <Filter>Source Files</Filter>
    </ClCompile>
    <ClCompile Include="pngerror.c">
      <Filter>Source Files</Filter>
    </ClCompile>
    <ClCompile Include="png.c">
      <Filter>Source Files</Filter>
    </ClCompile>
    <ClCompile Include="inftrees.c">
      <Filter>Source Files</Filter>
    </ClCompile>
    <ClCompile Include="inflate.c">
      <Filter>Source Files</Filter>
    </ClCompile>
    <ClCompile Include="inffast.c">
      <Filter>Source Files</Filter>
    </ClCompile>
    <ClCompile Include="infback.c">
      <Filter>Source Files</Filter>
    </ClCompile>
    <ClCompile Include="gzwrite.c">
      <Filter>Source Files</Filter>
    </ClCompile>
    <ClCompile Include="gzread.c">
      <Filter>Source Files</Filter>
    </ClCompile>
    <ClCompile Include="gzlib.c">
      <Filter>Source Files</Filter>
    </ClCompile>
    <ClCompile Include="gzclose.c">
      <Filter>Source Files</Filter>
    </ClCompile>
    <ClCompile Include="deflate.c">
      <Filter>Source Files</Filter>
    </ClCompile>
    <ClCompile Include="crc32.c">
      <Filter>Source Files</Filter>
    </ClCompile>
    <ClCompile Include="compress.c">
      <Filter>Source Files</Filter>
    </ClCompile>
    <ClCompile Include="adler32.c">
      <Filter>Source Files</Filter>
    </ClCompile>
  </ItemGroup>
  <ItemGroup>
    <ClInclude Include="zutil.h">
      <Filter>Source Files</Filter>
    </ClInclude>
    <ClInclude Include="zlib.h">
      <Filter>Source Files</Filter>
    </ClInclude>
    <ClInclude Include="zconf.h">
      <Filter>Source Files</Filter>
    </ClInclude>
    <ClInclude Include="trees.h">
      <Filter>Source Files</Filter>
    </ClInclude>
    <ClInclude Include="pngstruct.h">
      <Filter>Source Files</Filter>
    </ClInclude>
    <ClInclude Include="pngpriv.h">
      <Filter>Source Files</Filter>
    </ClInclude>
    <ClInclude Include="pnglibconf.h">
      <Filter>Source Files</Filter>
    </ClInclude>
    <ClInclude Include="pnginfo.h">
      <Filter>Source Files</Filter>
    </ClInclude>
    <ClInclude Include="pngdebug.h">
      <Filter>Source Files</Filter>
    </ClInclude>
    <ClInclude Include="pngconf.h">
      <Filter>Source Files</Filter>
    </ClInclude>
    <ClInclude Include="png.h">
      <Filter>Source Files</Filter>
    </ClInclude>
    <ClInclude Include="jversion.h">
      <Filter>Source Files</Filter>
    </ClInclude>
    <ClInclude Include="jpeglib.h">
      <Filter>Source Files</Filter>
    </ClInclude>
    <ClInclude Include="jpegint.h">
      <Filter>Source Files</Filter>
    </ClInclude>
    <ClInclude Include="jmorecfg.h">
      <Filter>Source Files</Filter>
    </ClInclude>
    <ClInclude Include="jmemsys.h">
      <Filter>Source Files</Filter>
    </ClInclude>
    <ClInclude Include="jinclude.h">
      <Filter>Source Files</Filter>
    </ClInclude>
    <ClInclude Include="jerror.h">
      <Filter>Source Files</Filter>
    </ClInclude>
    <ClInclude Include="jdhuff.h">
      <Filter>Source Files</Filter>
    </ClInclude>
    <ClInclude Include="jdct.h">
      <Filter>Source Files</Filter>
    </ClInclude>
    <ClInclude Include="jconfig.h">
      <Filter>Source Files</Filter>
    </ClInclude>
    <ClInclude Include="jchuff.h">
      <Filter>Source Files</Filter>
    </ClInclude>
    <ClInclude Include="inftrees.h">
      <Filter>Source Files</Filter>
    </ClInclude>
    <ClInclude Include="inflate.h">
      <Filter>Source Files</Filter>
    </ClInclude>
    <ClInclude Include="inffixed.h">
      <Filter>Source Files</Filter>
    </ClInclude>
    <ClInclude Include="inffast.h">
      <Filter>Source Files</Filter>
    </ClInclude>
    <ClInclude Include="gzguts.h">
      <Filter>Source Files</Filter>
    </ClInclude>
    <ClInclude Include="deflate.h">
      <Filter>Source Files</Filter>
    </ClInclude>
    <ClInclude Include="crc32.h">
      <Filter>Source Files</Filter>
    </ClInclude>
  </ItemGroup>
</Project>